version = 1
revision = 3
requires-python = ">=3.11"

[[package]]
name = "colorama"
version = "0.4.6"
source = { registry = "https://pypi.org/simple" }
sdist = { url = "https://files.pythonhosted.org/packages/d8/53/6f443c9a4a8358a93a6792e2acffb9d9d5cb0a5cfd8802644b7b1c9a02e4/colorama-0.4.6.tar.gz", hash = "sha256:08695f5cb7ed6e0531a20572697297273c47b8cae5a63ffc6d6ed5c201be6e44", size = 27697, upload-time = "2022-10-25T02:36:22.414Z" }
wheels = [
    { url = "https://files.pythonhosted.org/packages/d1/d6/3965ed04c63042e047cb6a3e6ed1a63a35087b6a609aa3a15ed8ac56c221/colorama-0.4.6-py2.py3-none-any.whl", hash = "sha256:4f1d9991f5acc0ca119f9d443620b77f9d6b33703e51011c16baf57afb285fc6", size = 25335, upload-time = "2022-10-25T02:36:20.889Z" },
]

[[package]]
name = "ddbot-toolkit"
version = "0.1.0"
source = { virtual = "." }
dependencies = [
    { name = "owlrl" },
    { name = "rdflib" },
]

[package.optional-dependencies]
dev = [
    { name = "pytest" },
    { name = "ruff" },
]

[package.metadata]
requires-dist = [
    { name = "owlrl", specifier = ">=7.1,<8" },
    { name = "pytest", marker = "extra == 'dev'", specifier = ">=8.0" },
    { name = "rdflib", specifier = ">=7.1,<8" },
    { name = "ruff", marker = "extra == 'dev'", specifier = ">=0.9" },
]
provides-extras = ["dev"]

[[package]]
name = "iniconfig"
version = "2.3.0"
source = { registry = "https://pypi.org/simple" }
sdist = { url = "https://files.pythonhosted.org/packages/72/34/14ca021ce8e5dfedc35312d08ba8bf51fdd999c576889fc2c24cb97f4f10/iniconfig-2.3.0.tar.gz", hash = "sha256:c76315c77db068650d49c5b56314774a7804df16fee4402c1f19d6d15d8c4730", size = 20503, upload-time = "2025-10-18T21:55:43.219Z" }
wheels = [
    { url = "https://files.pythonhosted.org/packages/cb/b1/3846dd7f199d53cb17f49cba7e651e9ce294d8497c8c150530ed11865bb8/iniconfig-2.3.0-py3-none-any.whl", hash = "sha256:f631c04d2c48c52b84d0d0549c99ff3859c98df65b3101406327ecc7d53fbf12", size = 7484, upload-time = "2025-10-18T21:55:41.639Z" },
]

[[package]]
name = "owlrl"
version = "7.6.2"
source = { registry = "https://pypi.org/simple" }
dependencies = [
    { name = "rdflib" },
]
sdist = { url = "https://files.pythonhosted.org/packages/cb/08/50dd7fd0c64775d3d6309f35c0cc9a9d635f392f94ee2c4f9122404f7f86/owlrl-7.6.2.tar.gz", hash = "sha256:c743f35c2d908396e77823852bb1ebbce88340cd49961493983bec42c93283a8", size = 48564, upload-time = "2026-07-08T08:38:26.462Z" }
wheels = [
    { url = "https://files.pythonhosted.org/packages/4a/5e/314be7440bf28dbd47f85321a7434c5b74179a762228487d6493c01bddce/owlrl-7.6.2-py3-none-any.whl", hash = "sha256:83347bf7f133979e87b2b18695d51d25510b99cec3f6919b5df05d4fbf058ae0", size = 55814, upload-time = "2026-07-08T08:38:23.842Z" },
]

[[package]]
name = "packaging"
version = "26.2"
source = { registry = "https://pypi.org/simple" }
sdist = { url = "https://files.pythonhosted.org/packages/d7/f1/e7a6dd94a8d4a5626c03e4e99c87f241ba9e350cd9e6d75123f992427270/packaging-26.2.tar.gz", hash = "sha256:ff452ff5a3e828ce110190feff1178bb1f2ea2281fa2075aadb987c2fb221661", size = 228134, upload-time = "2026-04-24T20:15:23.917Z" }
wheels = [
    { url = "https://files.pythonhosted.org/packages/df/b2/87e62e8c3e2f4b32e5fe99e0b86d576da1312593b39f47d8ceef365e95ed/packaging-26.2-py3-none-any.whl", hash = "sha256:5fc45236b9446107ff2415ce77c807cee2862cb6fac22b8a73826d0693b0980e", size = 100195, upload-time = "2026-04-24T20:15:22.081Z" },
]

[[package]]
name = "pluggy"
version = "1.6.0"
source = { registry = "https://pypi.org/simple" }
sdist = { url = "https://files.pythonhosted.org/packages/f9/e2/3e91f31a7d2b083fe6ef3fa267035b518369d9511ffab804f839851d2779/pluggy-1.6.0.tar.gz", hash = "sha256:7dcc130b76258d33b90f61b658791dede3486c3e6bfb003ee5c9bfb396dd22f3", size = 69412, upload-time = "2025-05-15T12:30:07.975Z" }
wheels = [
    { url = "https://files.pythonhosted.org/packages/54/20/4d324d65cc6d9205fabedc306948156824eb9f0ee1633355a8f7ec5c66bf/pluggy-1.6.0-py3-none-any.whl", hash = "sha256:e920276dd6813095e9377c0bc5566d94c932c33b27a3e3945d8389c374dd4746", size = 20538, upload-time = "2025-05-15T12:30:06.134Z" },
]

[[package]]
name = "pygments"
version = "2.20.0"
source = { registry = "https://pypi.org/simple" }
sdist = { url = "https://files.pythonhosted.org/packages/c3/b2/bc9c9196916376152d655522fdcebac55e66de6603a76a02bca1b6414f6c/pygments-2.20.0.tar.gz", hash = "sha256:6757cd03768053ff99f3039c1a36d6c0aa0b263438fcab17520b30a303a82b5f", size = 4955991, upload-time = "2026-03-29T13:29:33.898Z" }
wheels = [
    { url = "https://files.pythonhosted.org/packages/f4/7e/a72dd26f3b0f4f2bf1dd8923c85f7ceb43172af56d63c7383eb62b332364/pygments-2.20.0-py3-none-any.whl", hash = "sha256:81a9e26dd42fd28a23a2d169d86d7ac03b46e2f8b59ed4698fb4785f946d0176", size = 1231151, upload-time = "2026-03-29T13:29:30.038Z" },
]

[[package]]
name = "pyparsing"
version = "3.3.2"
source = { registry = "https://pypi.org/simple" }
sdist = { url = "https://files.pythonhosted.org/packages/f3/91/9c6ee907786a473bf81c5f53cf703ba0957b23ab84c264080fb5a450416f/pyparsing-3.3.2.tar.gz", hash = "sha256:c777f4d763f140633dcb6d8a3eda953bf7a214dc4eff598413c070bcdc117cbc", size = 6851574, upload-time = "2026-01-21T03:57:59.36Z" }
wheels = [
    { url = "https://files.pythonhosted.org/packages/10/bd/c038d7cc38edc1aa5bf91ab8068b63d4308c66c4c8bb3cbba7dfbc049f9c/pyparsing-3.3.2-py3-none-any.whl", hash = "sha256:850ba148bd908d7e2411587e247a1e4f0327839c40e2e5e6d05a007ecc69911d", size = 122781, upload-time = "2026-01-21T03:57:55.912Z" },
]

[[package]]
name = "pytest"
version = "9.1.1"
source = { registry = "https://pypi.org/simple" }
dependencies = [
    { name = "colorama", marker = "sys_platform == 'win32'" },
    { name = "iniconfig" },
    { name = "packaging" },
    { name = "pluggy" },
    { name = "pygments" },
]
sdist = { url = "https://files.pythonhosted.org/packages/e4/47/b9efed96c114afcfa3c9d3fe98a76a1d14c74a9e266d397cf6eb64be5e01/pytest-9.1.1.tar.gz", hash = "sha256:1088fbde8f2b49d95a549a195707afa7a76a3ce9bcadc26b6d71f0ffda5fe313", size = 1636369, upload-time = "2026-06-19T10:58:32.857Z" }
wheels = [
    { url = "https://files.pythonhosted.org/packages/24/25/1de2678b631f5a49215c6c96fff41ba892b0a34df68d6d80292b1b48aa7f/pytest-9.1.1-py3-none-any.whl", hash = "sha256:37a86b45efb9a47a61a36449063e8e18d0cab3161329fc099eb21783169c4f0c", size = 386536, upload-time = "2026-06-19T10:58:31.347Z" },
]

[[package]]
name = "rdflib"
version = "7.6.0"
source = { registry = "https://pypi.org/simple" }
dependencies = [
    { name = "pyparsing" },
]
sdist = { url = "https://files.pythonhosted.org/packages/98/f5/18bb77b7af9526add0c727a3b2048959847dc5fb030913e2918bf384fec3/rdflib-7.6.0.tar.gz", hash = "sha256:6c831288d5e4a5a7ece85d0ccde9877d512a3d0f02d7c06455d00d6d0ea379df", size = 4943826, upload-time = "2026-02-13T07:15:55.938Z" }
wheels = [
    { url = "https://files.pythonhosted.org/packages/10/c2/6604a71269e0c1bd75656d5a001432d16f2cc5b8c057140ec797155c295e/rdflib-7.6.0-py3-none-any.whl", hash = "sha256:30c0a3ebf4c0e09215f066be7246794b6492e054e782d7ac2a34c9f70a15e0dd", size = 615416, upload-time = "2026-02-13T07:15:46.487Z" },
]

[[package]]
name = "ruff"
version = "0.15.22"
source = { registry = "https://pypi.org/simple" }
sdist = { url = "https://files.pythonhosted.org/packages/3a/06/ae069393fc66e8ff33036d4b368003833bf6e88ccf182e17e7a2f1c754fd/ruff-0.15.22.tar.gz", hash = "sha256:3f15175b1fb580126f58285a5dae6b2ea89000136d980c64499211f116b54809", size = 4785063, upload-time = "2026-07-16T15:14:13.244Z" }
wheels = [
    { url = "https://files.pythonhosted.org/packages/23/18/ee54b7ae1e121be7a28ea6da4b67564ebb0530e183a54415ab7e3bcd2c4e/ruff-0.15.22-py3-none-linux_armv6l.whl", hash = "sha256:44423e73493737f5e7c5b41d475483898ff37afcdae38bc3da5085e29af1c2d8", size = 10781258, upload-time = "2026-07-16T15:13:19.452Z" },
    { url = "https://files.pythonhosted.org/packages/2f/d2/2520cb14761ddbeaf57642a76942fc36adcbdbe53b4532241995f6fc485c/ruff-0.15.22-py3-none-macosx_10_12_x86_64.whl", hash = "sha256:b82c6482946e9eda7ff2e091d25b8bad3f718684e1916d41bd56873cee05b697", size = 10999477, upload-time = "2026-07-16T15:13:23.318Z" },
    { url = "https://files.pythonhosted.org/packages/c9/10/74e53572aa758dfaa678c2a2646b5c5515d884b7ca56be4d2ce03ca4b560/ruff-0.15.22-py3-none-macosx_11_0_arm64.whl", hash = "sha256:11c1c715af53a09f714e011106bffc419751ec8232fcb5da42173284ea3fec6f", size = 10466716, upload-time = "2026-07-16T15:13:26.162Z" },
    { url = "https://files.pythonhosted.org/packages/1e/cc/44eaaf0844e028182f2d0a8f2190d0f359159aed0a9e5ab861d892f1ae2a/ruff-0.15.22-py3-none-manylinux_2_17_aarch64.manylinux2014_aarch64.whl", hash = "sha256:742a29cf29bddb7c8327895d6a10e0e6c5b38a96dd407af9b5d0857f809c0576", size = 10892644, upload-time = "2026-07-16T15:13:29.229Z" },
    { url = "https://files.pythonhosted.org/packages/9f/21/8edf559014d2b0f82beea19cfb713993ad802ccda16868769979c6090a84/ruff-0.15.22-py3-none-manylinux_2_17_armv7l.manylinux2014_armv7l.whl", hash = "sha256:72af58b951b0ae395935ae79763dc349bc0eb706319d28f7a33ad2cfb3cfc178", size = 10576719, upload-time = "2026-07-16T15:13:32.35Z" },
    { url = "https://files.pythonhosted.org/packages/bf/1e/3a13abd392a3b50b62e5938a831f9ab6e588358cacad5c18545b716d2182/ruff-0.15.22-py3-none-manylinux_2_17_i686.manylinux2014_i686.whl", hash = "sha256:62d425005c1835eb24e2ee4161cb90e8db263415f4a71c8c72c33abaa6c0c224", size = 11376494, upload-time = "2026-07-16T15:13:35.958Z" },
    { url = "https://files.pythonhosted.org/packages/bf/3e/422d3d95bcf04dd78e1aeac22184d4f9a8fb2c01865d39d44618484a0317/ruff-0.15.22-py3-none-manylinux_2_17_ppc64le.manylinux2014_ppc64le.whl", hash = "sha256:e8b9b3f8779a4f08c969defc3c8c35abffaa757e601ed5ae66d6d1db6519969a", size = 12208370, upload-time = "2026-07-16T15:13:39.185Z" },
    { url = "https://files.pythonhosted.org/packages/1e/91/5d065a0e0a02bf4813f5119ad278462eed081d2b832eb7c021ade0ec9e65/ruff-0.15.22-py3-none-manylinux_2_17_s390x.manylinux2014_s390x.whl", hash = "sha256:1e0dd1b2e4d3d585f897a0d137cbf4eaf6223bef4e8ce34d6bb12556c5f9249e", size = 11581098, upload-time = "2026-07-16T15:13:42.132Z" },
    { url = "https://files.pythonhosted.org/packages/f6/f9/a0d4871d12fae702eb1f41b686caf05f1f8b124dc6db6f784f53d74918fa/ruff-0.15.22-py3-none-manylinux_2_17_x86_64.manylinux2014_x86_64.whl", hash = "sha256:365523eb91d9224e1bcb03b022fbf0facb8f9e23792a2c53d9d4b3924bdbdebb", size = 11399422, upload-time = "2026-07-16T15:13:45.2Z" },
    { url = "https://files.pythonhosted.org/packages/18/80/c843a5176cddbceb0b7e8dd41cf9993490796c1c469348d384f5a5c13c56/ruff-0.15.22-py3-none-manylinux_2_31_riscv64.whl", hash = "sha256:fabfd168afdf29fee5be98b831efa9683c94d7c5a3b58b9ce5a2e38444589a74", size = 11381683, upload-time = "2026-07-16T15:13:48.46Z" },
    { url = "https://files.pythonhosted.org/packages/d4/00/8485de0ae92239438a36cfc51350db9b9e85c9ebdfaea91b18e422706662/ruff-0.15.22-py3-none-musllinux_1_2_aarch64.whl", hash = "sha256:225dbf095a87f1d9f90f5fd7924d2613ee452a75a4308c63a8f50f761787aa7c", size = 10850295, upload-time = "2026-07-16T15:13:51.655Z" },
    { url = "https://files.pythonhosted.org/packages/fa/91/24977ec2ec72eaf15e4394ace2959fdff2dd1e14f03e005e838023407169/ruff-0.15.22-py3-none-musllinux_1_2_armv7l.whl", hash = "sha256:1877d63b9d24ed278744f1523fd11b85540566d54641f97c566d7d9dc5ca5296", size = 10579640, upload-time = "2026-07-16T15:13:54.79Z" },
    { url = "https://files.pythonhosted.org/packages/9c/47/9b51216951974df1f263ac19da550d34252e0ed7218c25f10c5ef9ed7517/ruff-0.15.22-py3-none-musllinux_1_2_i686.whl", hash = "sha256:a1606c510bd7215680d32efab38965f7cdec3ef69f5170a3f4791404ffdd5262", size = 11105077, upload-time = "2026-07-16T15:13:57.915Z" },
    { url = "https://files.pythonhosted.org/packages/c2/47/20e9d4a3b8016778acea5fc32bb50d35d207500a17ddb529ffa6996feef8/ruff-0.15.22-py3-none-musllinux_1_2_x86_64.whl", hash = "sha256:630479b18625f5ffc373f77603a22a9f8ac0acd7ff0501178b5db28ec71e9c64", size = 11490980, upload-time = "2026-07-16T15:14:01.032Z" },
    { url = "https://files.pythonhosted.org/packages/4d/76/3f72d8fc38c1cb77b38c56a70da9d0c17700cc1cc50f9649c9d3c8f5ba71/ruff-0.15.22-py3-none-win32.whl", hash = "sha256:e5ba0e4a13fd14abbed2a77b517a3911290c6c6c59ef67784328d1668fab76cf", size = 10789165, upload-time = "2026-07-16T15:14:04.16Z" },
    { url = "https://files.pythonhosted.org/packages/cb/46/4965251734c2b6fcdca1b1b187d20bcac3af0ee5b083b89c910bb961ce3a/ruff-0.15.22-py3-none-win_amd64.whl", hash = "sha256:9be63ba1eb936acd2d1342fb8337c356353706fce233b2a15a09a97037e6acde", size = 11938297, upload-time = "2026-07-16T15:14:07.316Z" },
    { url = "https://files.pythonhosted.org/packages/57/c9/e69b1ff4c8b69093ef08b8919ab767af0569666865b39c30a8795d88d3c6/ruff-0.15.22-py3-none-win_arm64.whl", hash = "sha256:e1168075b72158510839f250027659cdd78476f40507dd517892304c41318661", size = 11298172, upload-time = "2026-07-16T15:14:10.51Z" },
]
